
Microsoft Visual Studio Solution File, Format Version 12.00
# Visual Studio 15
VisualStudioVersion = 15.0.27130.2027
MinimumVisualStudioVersion = 10.0.40219.1
Project("{FAE04EC0-301F-11D3-BF4B-00C04F79EFBC}") = "Chapter4Lab", "Chapter4Lab\Chapter4Lab.csproj", "{EEA71281-5C76-46FB-BFC6-6B45C73AD405}"
EndProject
Global
	GlobalSection(SolutionConfigurationPlatforms) = preSolution
		Debug|Any CPU = Debug|Any CPU
		Release|Any CPU = Release|Any CPU
	EndGlobalSection
	GlobalSection(ProjectConfigurationPlatforms) = postSolution
		{EEA71281-5C76-46FB-BFC6-6B45C73AD405}.Debug|Any CPU.ActiveCfg = Debug|Any CPU
		{EEA71281-5C76-46FB-BFC6-6B45C73AD405}.Debug|Any CPU.Build.0 = Debug|Any CPU
		{EEA71281-5C76-46FB-BFC6-6B45C73AD405}.Release|Any CPU.ActiveCfg = Release|Any CPU
		{EEA71281-5C76-46FB-BFC6-6B45C73AD405}.Release|Any CPU.Build.0 = Release|Any CPU
	EndGlobalSection
	GlobalSection(SolutionProperties) = preSolution
		HideSolutionNode = FALSE
	EndGlobalSection
	GlobalSection(ExtensibilityGlobals) = postSolution
		SolutionGuid = {3B4EF19E-F758-4FA1-BA96-579C092F6A40}
	EndGlobalSection
EndGlobal
